
Microsoft Visual Studio Solution File, Format Version 12.00
# Visual Studio 14
VisualStudioVersion = 14.0.23107.0
MinimumVisualStudioVersion = 10.0.40219.1
Project("{FAE04EC0-301F-11D3-BF4B-00C04F79EFBC}") = "MyTestProject", "MyTestProject\MyTestProject.csproj", "{28DEE068-B934-428B-8DC4-8694857DFC64}"
EndProject
Project("{FAE04EC0-301F-11D3-BF4B-00C04F79EFBC}") = "MyTestProjectTest", "MyTestProjectTest\MyTestProjectTest.csproj", "{3F880453-09D7-4137-822C-0881A9C384DF}"
EndProject
Global
	GlobalSection(SolutionConfigurationPlatforms) = preSolution
		Debug|Any CPU = Debug|Any CPU
		Release|Any CPU = Release|Any CPU
	EndGlobalSection
	GlobalSection(ProjectConfigurationPlatforms) = postSolution
		{28DEE068-B934-428B-8DC4-8694857DFC64}.Debug|Any CPU.ActiveCfg = Debug|Any CPU
		{28DEE068-B934-428B-8DC4-8694857DFC64}.Debug|Any CPU.Build.0 = Debug|Any CPU
		{28DEE068-B934-428B-8DC4-8694857DFC64}.Release|Any CPU.ActiveCfg = Release|Any CPU
		{28DEE068-B934-428B-8DC4-8694857DFC64}.Release|Any CPU.Build.0 = Release|Any CPU
		{3F880453-09D7-4137-822C-0881A9C384DF}.Debug|Any CPU.ActiveCfg = Debug|Any CPU
		{3F880453-09D7-4137-822C-0881A9C384DF}.Debug|Any CPU.Build.0 = Debug|Any CPU
		{3F880453-09D7-4137-822C-0881A9C384DF}.Release|Any CPU.ActiveCfg = Release|Any CPU
		{3F880453-09D7-4137-822C-0881A9C384DF}.Release|Any CPU.Build.0 = Release|Any CPU
	EndGlobalSection
	GlobalSection(SolutionProperties) = preSolution
		HideSolutionNode = FALSE
	EndGlobalSection
EndGlobal
